
Microsoft Visual Studio Solution File, Format Version 12.00
# Visual Studio 2012
Project("{FAE04EC0-301F-11D3-BF4B-00C04F79EFBC}") = "JolTudomE_WS", "JolTudomE_WS\JolTudomE_WS.csproj", "{065EFBF9-9C01-49D6-A41B-8F999838994E}"
EndProject
Project("{FAE04EC0-301F-11D3-BF4B-00C04F79EFBC}") = "wstest", "wstest\wstest.csproj", "{49A9A527-F1A8-443B-9CF8-9F4C3949F32C}"
	ProjectSection(ProjectDependencies) = postProject
		{065EFBF9-9C01-49D6-A41B-8F999838994E} = {065EFBF9-9C01-49D6-A41B-8F999838994E}
	EndProjectSection
EndProject
Project("{FAE04EC0-301F-11D3-BF4B-00C04F79EFBC}") = "JolTudomE_Client", "JolTudomE_Client\JolTudomE_Client.csproj", "{1F10AD14-0B2E-40A1-9340-519A5D3C2F72}"
	ProjectSection(ProjectDependencies) = postProject
		{065EFBF9-9C01-49D6-A41B-8F999838994E} = {065EFBF9-9C01-49D6-A41B-8F999838994E}
	EndProjectSection
EndProject
Global
	GlobalSection(SolutionConfigurationPlatforms) = preSolution
		Debug|Any CPU = Debug|Any CPU
		Debug|Mixed Platforms = Debug|Mixed Platforms
		Debug|x86 = Debug|x86
		Release|Any CPU = Release|Any CPU
		Release|Mixed Platforms = Release|Mixed Platforms
		Release|x86 = Release|x86
	EndGlobalSection
	GlobalSection(ProjectConfigurationPlatforms) = postSolution
		{065EFBF9-9C01-49D6-A41B-8F999838994E}.Debug|Any CPU.ActiveCfg = Debug|Any CPU
		{065EFBF9-9C01-49D6-A41B-8F999838994E}.Debug|Any CPU.Build.0 = Debug|Any CPU
		{065EFBF9-9C01-49D6-A41B-8F999838994E}.Debug|Mixed Platforms.ActiveCfg = Debug|Any CPU
		{065EFBF9-9C01-49D6-A41B-8F999838994E}.Debug|Mixed Platforms.Build.0 = Debug|Any CPU
		{065EFBF9-9C01-49D6-A41B-8F999838994E}.Debug|x86.ActiveCfg = Debug|Any CPU
		{065EFBF9-9C01-49D6-A41B-8F999838994E}.Debug|x86.Build.0 = Debug|Any CPU
		{065EFBF9-9C01-49D6-A41B-8F999838994E}.Release|Any CPU.ActiveCfg = Release|Any CPU
		{065EFBF9-9C01-49D6-A41B-8F999838994E}.Release|Any CPU.Build.0 = Release|Any CPU
		{065EFBF9-9C01-49D6-A41B-8F999838994E}.Release|Mixed Platforms.ActiveCfg = Release|Any CPU
		{065EFBF9-9C01-49D6-A41B-8F999838994E}.Release|Mixed Platforms.Build.0 = Release|Any CPU
		{065EFBF9-9C01-49D6-A41B-8F999838994E}.Release|x86.ActiveCfg = Release|Any CPU
		{065EFBF9-9C01-49D6-A41B-8F999838994E}.Release|x86.Build.0 = Release|Any CPU
		{49A9A527-F1A8-443B-9CF8-9F4C3949F32C}.Debug|Any CPU.ActiveCfg = Debug|x86
		{49A9A527-F1A8-443B-9CF8-9F4C3949F32C}.Debug|Mixed Platforms.ActiveCfg = Debug|x86
		{49A9A527-F1A8-443B-9CF8-9F4C3949F32C}.Debug|Mixed Platforms.Build.0 = Debug|x86
		{49A9A527-F1A8-443B-9CF8-9F4C3949F32C}.Debug|x86.ActiveCfg = Debug|x86
		{49A9A527-F1A8-443B-9CF8-9F4C3949F32C}.Release|Any CPU.ActiveCfg = Release|x86
		{49A9A527-F1A8-443B-9CF8-9F4C3949F32C}.Release|Mixed Platforms.ActiveCfg = Release|x86
		{49A9A527-F1A8-443B-9CF8-9F4C3949F32C}.Release|Mixed Platforms.Build.0 = Release|x86
		{49A9A527-F1A8-443B-9CF8-9F4C3949F32C}.Release|x86.ActiveCfg = Release|x86
		{1F10AD14-0B2E-40A1-9340-519A5D3C2F72}.Debug|Any CPU.ActiveCfg = Debug|Any CPU
		{1F10AD14-0B2E-40A1-9340-519A5D3C2F72}.Debug|Any CPU.Build.0 = Debug|Any CPU
		{1F10AD14-0B2E-40A1-9340-519A5D3C2F72}.Debug|Mixed Platforms.ActiveCfg = Debug|Any CPU
		{1F10AD14-0B2E-40A1-9340-519A5D3C2F72}.Debug|Mixed Platforms.Build.0 = Debug|Any CPU
		{1F10AD14-0B2E-40A1-9340-519A5D3C2F72}.Debug|x86.ActiveCfg = Debug|Any CPU
		{1F10AD14-0B2E-40A1-9340-519A5D3C2F72}.Debug|x86.Build.0 = Debug|Any CPU
		{1F10AD14-0B2E-40A1-9340-519A5D3C2F72}.Release|Any CPU.ActiveCfg = Release|Any CPU
		{1F10AD14-0B2E-40A1-9340-519A5D3C2F72}.Release|Any CPU.Build.0 = Release|Any CPU
		{1F10AD14-0B2E-40A1-9340-519A5D3C2F72}.Release|Mixed Platforms.ActiveCfg = Release|Any CPU
		{1F10AD14-0B2E-40A1-9340-519A5D3C2F72}.Release|Mixed Platforms.Build.0 = Release|Any CPU
		{1F10AD14-0B2E-40A1-9340-519A5D3C2F72}.Release|x86.ActiveCfg = Release|Any CPU
		{1F10AD14-0B2E-40A1-9340-519A5D3C2F72}.Release|x86.Build.0 = Release|Any CPU
	EndGlobalSection
	GlobalSection(SolutionProperties) = preSolution
		HideSolutionNode = FALSE
	EndGlobalSection
EndGlobal
