
Microsoft Visual Studio Solution File, Format Version 12.00
# Visual Studio 2013
VisualStudioVersion = 12.0.30723.0
MinimumVisualStudioVersion = 10.0.40219.1
Project("{FAE04EC0-301F-11D3-BF4B-00C04F79EFBC}") = "JolTudomE_WS", "JolTudomE_WS\JolTudomE_WS.csproj", "{065EFBF9-9C01-49D6-A41B-8F999838994E}"
EndProject
Project("{FAE04EC0-301F-11D3-BF4B-00C04F79EFBC}") = "wstest", "wstest\wstest.csproj", "{49A9A527-F1A8-443B-9CF8-9F4C3949F32C}"
	ProjectSection(ProjectDependencies) = postProject
		{065EFBF9-9C01-49D6-A41B-8F999838994E} = {065EFBF9-9C01-49D6-A41B-8F999838994E}
	EndProjectSection
EndProject
Project("{FAE04EC0-301F-11D3-BF4B-00C04F79EFBC}") = "JolTudomE_Client", "JolTudomE_Client\JolTudomE_Client.csproj", "{1F10AD14-0B2E-40A1-9340-519A5D3C2F72}"
	ProjectSection(ProjectDependencies) = postProject
		{065EFBF9-9C01-49D6-A41B-8F999838994E} = {065EFBF9-9C01-49D6-A41B-8F999838994E}
	EndProjectSection
EndProject
Project("{FAE04EC0-301F-11D3-BF4B-00C04F79EFBC}") = "JolTudomE_Api", "JolTudomE_Api\JolTudomE_Api.csproj", "{06B22218-E128-428A-9DBE-28E52B51FA7C}"
EndProject
Project("{FAE04EC0-301F-11D3-BF4B-00C04F79EFBC}") = "JolTudomE_WP", "JolTudomE_WP\JolTudomE_WP.csproj", "{4338A4F2-DF99-49F6-B8A8-90CFF7DE2DCB}"
	ProjectSection(ProjectDependencies) = postProject
		{06B22218-E128-428A-9DBE-28E52B51FA7C} = {06B22218-E128-428A-9DBE-28E52B51FA7C}
	EndProjectSection
EndProject
Project("{FAE04EC0-301F-11D3-BF4B-00C04F79EFBC}") = "LoggerWP", "LoggerWP\LoggerWP.csproj", "{0911FB92-6815-454E-9BB3-8B2FE6CB35E3}"
EndProject
Global
	GlobalSection(SolutionConfigurationPlatforms) = preSolution
		Debug|Any CPU = Debug|Any CPU
		Debug|ARM = Debug|ARM
		Debug|Mixed Platforms = Debug|Mixed Platforms
		Debug|x86 = Debug|x86
		Release|Any CPU = Release|Any CPU
		Release|ARM = Release|ARM
		Release|Mixed Platforms = Release|Mixed Platforms
		Release|x86 = Release|x86
	EndGlobalSection
	GlobalSection(ProjectConfigurationPlatforms) = postSolution
		{065EFBF9-9C01-49D6-A41B-8F999838994E}.Debug|Any CPU.ActiveCfg = Debug|Any CPU
		{065EFBF9-9C01-49D6-A41B-8F999838994E}.Debug|Any CPU.Build.0 = Debug|Any CPU
		{065EFBF9-9C01-49D6-A41B-8F999838994E}.Debug|ARM.ActiveCfg = Debug|Any CPU
		{065EFBF9-9C01-49D6-A41B-8F999838994E}.Debug|Mixed Platforms.ActiveCfg = Debug|Any CPU
		{065EFBF9-9C01-49D6-A41B-8F999838994E}.Debug|Mixed Platforms.Build.0 = Debug|Any CPU
		{065EFBF9-9C01-49D6-A41B-8F999838994E}.Debug|x86.ActiveCfg = Debug|Any CPU
		{065EFBF9-9C01-49D6-A41B-8F999838994E}.Debug|x86.Build.0 = Debug|Any CPU
		{065EFBF9-9C01-49D6-A41B-8F999838994E}.Release|Any CPU.ActiveCfg = Release|Any CPU
		{065EFBF9-9C01-49D6-A41B-8F999838994E}.Release|Any CPU.Build.0 = Release|Any CPU
		{065EFBF9-9C01-49D6-A41B-8F999838994E}.Release|ARM.ActiveCfg = Release|Any CPU
		{065EFBF9-9C01-49D6-A41B-8F999838994E}.Release|Mixed Platforms.ActiveCfg = Release|Any CPU
		{065EFBF9-9C01-49D6-A41B-8F999838994E}.Release|Mixed Platforms.Build.0 = Release|Any CPU
		{065EFBF9-9C01-49D6-A41B-8F999838994E}.Release|x86.ActiveCfg = Release|Any CPU
		{065EFBF9-9C01-49D6-A41B-8F999838994E}.Release|x86.Build.0 = Release|Any CPU
		{49A9A527-F1A8-443B-9CF8-9F4C3949F32C}.Debug|Any CPU.ActiveCfg = Debug|x86
		{49A9A527-F1A8-443B-9CF8-9F4C3949F32C}.Debug|ARM.ActiveCfg = Debug|x86
		{49A9A527-F1A8-443B-9CF8-9F4C3949F32C}.Debug|Mixed Platforms.ActiveCfg = Debug|x86
		{49A9A527-F1A8-443B-9CF8-9F4C3949F32C}.Debug|Mixed Platforms.Build.0 = Debug|x86
		{49A9A527-F1A8-443B-9CF8-9F4C3949F32C}.Debug|x86.ActiveCfg = Debug|x86
		{49A9A527-F1A8-443B-9CF8-9F4C3949F32C}.Release|Any CPU.ActiveCfg = Release|x86
		{49A9A527-F1A8-443B-9CF8-9F4C3949F32C}.Release|ARM.ActiveCfg = Release|x86
		{49A9A527-F1A8-443B-9CF8-9F4C3949F32C}.Release|Mixed Platforms.ActiveCfg = Release|x86
		{49A9A527-F1A8-443B-9CF8-9F4C3949F32C}.Release|Mixed Platforms.Build.0 = Release|x86
		{49A9A527-F1A8-443B-9CF8-9F4C3949F32C}.Release|x86.ActiveCfg = Release|x86
		{1F10AD14-0B2E-40A1-9340-519A5D3C2F72}.Debug|Any CPU.ActiveCfg = Debug|Any CPU
		{1F10AD14-0B2E-40A1-9340-519A5D3C2F72}.Debug|Any CPU.Build.0 = Debug|Any CPU
		{1F10AD14-0B2E-40A1-9340-519A5D3C2F72}.Debug|ARM.ActiveCfg = Debug|Any CPU
		{1F10AD14-0B2E-40A1-9340-519A5D3C2F72}.Debug|Mixed Platforms.ActiveCfg = Debug|Any CPU
		{1F10AD14-0B2E-40A1-9340-519A5D3C2F72}.Debug|Mixed Platforms.Build.0 = Debug|Any CPU
		{1F10AD14-0B2E-40A1-9340-519A5D3C2F72}.Debug|x86.ActiveCfg = Debug|Any CPU
		{1F10AD14-0B2E-40A1-9340-519A5D3C2F72}.Debug|x86.Build.0 = Debug|Any CPU
		{1F10AD14-0B2E-40A1-9340-519A5D3C2F72}.Release|Any CPU.ActiveCfg = Release|Any CPU
		{1F10AD14-0B2E-40A1-9340-519A5D3C2F72}.Release|Any CPU.Build.0 = Release|Any CPU
		{1F10AD14-0B2E-40A1-9340-519A5D3C2F72}.Release|ARM.ActiveCfg = Release|Any CPU
		{1F10AD14-0B2E-40A1-9340-519A5D3C2F72}.Release|Mixed Platforms.ActiveCfg = Release|Any CPU
		{1F10AD14-0B2E-40A1-9340-519A5D3C2F72}.Release|Mixed Platforms.Build.0 = Release|Any CPU
		{1F10AD14-0B2E-40A1-9340-519A5D3C2F72}.Release|x86.ActiveCfg = Release|Any CPU
		{1F10AD14-0B2E-40A1-9340-519A5D3C2F72}.Release|x86.Build.0 = Release|Any CPU
		{06B22218-E128-428A-9DBE-28E52B51FA7C}.Debug|Any CPU.ActiveCfg = Debug|Any CPU
		{06B22218-E128-428A-9DBE-28E52B51FA7C}.Debug|Any CPU.Build.0 = Debug|Any CPU
		{06B22218-E128-428A-9DBE-28E52B51FA7C}.Debug|ARM.ActiveCfg = Debug|Any CPU
		{06B22218-E128-428A-9DBE-28E52B51FA7C}.Debug|Mixed Platforms.ActiveCfg = Debug|Any CPU
		{06B22218-E128-428A-9DBE-28E52B51FA7C}.Debug|Mixed Platforms.Build.0 = Debug|Any CPU
		{06B22218-E128-428A-9DBE-28E52B51FA7C}.Debug|x86.ActiveCfg = Debug|Any CPU
		{06B22218-E128-428A-9DBE-28E52B51FA7C}.Release|Any CPU.ActiveCfg = Release|Any CPU
		{06B22218-E128-428A-9DBE-28E52B51FA7C}.Release|Any CPU.Build.0 = Release|Any CPU
		{06B22218-E128-428A-9DBE-28E52B51FA7C}.Release|ARM.ActiveCfg = Release|Any CPU
		{06B22218-E128-428A-9DBE-28E52B51FA7C}.Release|Mixed Platforms.ActiveCfg = Release|Any CPU
		{06B22218-E128-428A-9DBE-28E52B51FA7C}.Release|Mixed Platforms.Build.0 = Release|Any CPU
		{06B22218-E128-428A-9DBE-28E52B51FA7C}.Release|x86.ActiveCfg = Release|Any CPU
		{4338A4F2-DF99-49F6-B8A8-90CFF7DE2DCB}.Debug|Any CPU.ActiveCfg = Debug|Any CPU
		{4338A4F2-DF99-49F6-B8A8-90CFF7DE2DCB}.Debug|Any CPU.Build.0 = Debug|Any CPU
		{4338A4F2-DF99-49F6-B8A8-90CFF7DE2DCB}.Debug|Any CPU.Deploy.0 = Debug|Any CPU
		{4338A4F2-DF99-49F6-B8A8-90CFF7DE2DCB}.Debug|ARM.ActiveCfg = Debug|ARM
		{4338A4F2-DF99-49F6-B8A8-90CFF7DE2DCB}.Debug|ARM.Build.0 = Debug|ARM
		{4338A4F2-DF99-49F6-B8A8-90CFF7DE2DCB}.Debug|ARM.Deploy.0 = Debug|ARM
		{4338A4F2-DF99-49F6-B8A8-90CFF7DE2DCB}.Debug|Mixed Platforms.ActiveCfg = Debug|x86
		{4338A4F2-DF99-49F6-B8A8-90CFF7DE2DCB}.Debug|Mixed Platforms.Build.0 = Debug|x86
		{4338A4F2-DF99-49F6-B8A8-90CFF7DE2DCB}.Debug|Mixed Platforms.Deploy.0 = Debug|x86
		{4338A4F2-DF99-49F6-B8A8-90CFF7DE2DCB}.Debug|x86.ActiveCfg = Debug|x86
		{4338A4F2-DF99-49F6-B8A8-90CFF7DE2DCB}.Debug|x86.Build.0 = Debug|x86
		{4338A4F2-DF99-49F6-B8A8-90CFF7DE2DCB}.Debug|x86.Deploy.0 = Debug|x86
		{4338A4F2-DF99-49F6-B8A8-90CFF7DE2DCB}.Release|Any CPU.ActiveCfg = Release|Any CPU
		{4338A4F2-DF99-49F6-B8A8-90CFF7DE2DCB}.Release|Any CPU.Build.0 = Release|Any CPU
		{4338A4F2-DF99-49F6-B8A8-90CFF7DE2DCB}.Release|Any CPU.Deploy.0 = Release|Any CPU
		{4338A4F2-DF99-49F6-B8A8-90CFF7DE2DCB}.Release|ARM.ActiveCfg = Release|ARM
		{4338A4F2-DF99-49F6-B8A8-90CFF7DE2DCB}.Release|ARM.Build.0 = Release|ARM
		{4338A4F2-DF99-49F6-B8A8-90CFF7DE2DCB}.Release|ARM.Deploy.0 = Release|ARM
		{4338A4F2-DF99-49F6-B8A8-90CFF7DE2DCB}.Release|Mixed Platforms.ActiveCfg = Release|x86
		{4338A4F2-DF99-49F6-B8A8-90CFF7DE2DCB}.Release|Mixed Platforms.Build.0 = Release|x86
		{4338A4F2-DF99-49F6-B8A8-90CFF7DE2DCB}.Release|Mixed Platforms.Deploy.0 = Release|x86
		{4338A4F2-DF99-49F6-B8A8-90CFF7DE2DCB}.Release|x86.ActiveCfg = Release|x86
		{4338A4F2-DF99-49F6-B8A8-90CFF7DE2DCB}.Release|x86.Build.0 = Release|x86
		{4338A4F2-DF99-49F6-B8A8-90CFF7DE2DCB}.Release|x86.Deploy.0 = Release|x86
		{0911FB92-6815-454E-9BB3-8B2FE6CB35E3}.Debug|Any CPU.ActiveCfg = Debug|Any CPU
		{0911FB92-6815-454E-9BB3-8B2FE6CB35E3}.Debug|Any CPU.Build.0 = Debug|Any CPU
		{0911FB92-6815-454E-9BB3-8B2FE6CB35E3}.Debug|ARM.ActiveCfg = Debug|ARM
		{0911FB92-6815-454E-9BB3-8B2FE6CB35E3}.Debug|ARM.Build.0 = Debug|ARM
		{0911FB92-6815-454E-9BB3-8B2FE6CB35E3}.Debug|Mixed Platforms.ActiveCfg = Debug|x86
		{0911FB92-6815-454E-9BB3-8B2FE6CB35E3}.Debug|Mixed Platforms.Build.0 = Debug|x86
		{0911FB92-6815-454E-9BB3-8B2FE6CB35E3}.Debug|x86.ActiveCfg = Debug|x86
		{0911FB92-6815-454E-9BB3-8B2FE6CB35E3}.Debug|x86.Build.0 = Debug|x86
		{0911FB92-6815-454E-9BB3-8B2FE6CB35E3}.Release|Any CPU.ActiveCfg = Release|Any CPU
		{0911FB92-6815-454E-9BB3-8B2FE6CB35E3}.Release|Any CPU.Build.0 = Release|Any CPU
		{0911FB92-6815-454E-9BB3-8B2FE6CB35E3}.Release|ARM.ActiveCfg = Release|ARM
		{0911FB92-6815-454E-9BB3-8B2FE6CB35E3}.Release|ARM.Build.0 = Release|ARM
		{0911FB92-6815-454E-9BB3-8B2FE6CB35E3}.Release|Mixed Platforms.ActiveCfg = Release|x86
		{0911FB92-6815-454E-9BB3-8B2FE6CB35E3}.Release|Mixed Platforms.Build.0 = Release|x86
		{0911FB92-6815-454E-9BB3-8B2FE6CB35E3}.Release|x86.ActiveCfg = Release|x86
		{0911FB92-6815-454E-9BB3-8B2FE6CB35E3}.Release|x86.Build.0 = Release|x86
	EndGlobalSection
	GlobalSection(SolutionProperties) = preSolution
		HideSolutionNode = FALSE
	EndGlobalSection
EndGlobal
